// !$*UTF8*$!
{
	archiveVersion = 1;
	classes = {
	};
	objectVersion = 46;
	objects = {

/* Begin PBXBuildFile section */
		4B37883C1E69D72200EB2DB0 /* SpeechDetectionViewController.swift in Sources */ = {isa = PBXBuildFile; fileRef = 4B37883B1E69D72200EB2DB0 /* SpeechDetectionViewController.swift */; };
		4BC617FD1E68CA5000519D15 /* AppDelegate.swift in Sources */ = {isa = PBXBuildFile; fileRef = 4BC617FC1E68CA5000519D15 /* AppDelegate.swift */; };
		4BC618021E68CA5000519D15 /* Main.storyboard in Resources */ = {isa = PBXBuildFile; fileRef = 4BC618001E68CA5000519D15 /* Main.storyboard */; };
		4BC618041E68CA5000519D15 /* Assets.xcassets in Resources */ = {isa = PBXBuildFile; fileRef = 4BC618031E68CA5000519D15 /* Assets.xcassets */; };
		4BC618071E68CA5000519D15 /* LaunchScreen.storyboard in Resources */ = {isa = PBXBuildFile; fileRef = 4BC618051E68CA5000519D15 /* LaunchScreen.storyboard */; };
		B608B2C721F6A27D000F1D12 /* placeholder.png in Resources */ = {isa = PBXBuildFile; fileRef = B608B2C621F6A27D000F1D12 /* placeholder.png */; };
		B608B2C921F78FCE000F1D12 /* ImageCreateViewController.swift in Sources */ = {isa = PBXBuildFile; fileRef = B608B2C821F78FCE000F1D12 /* ImageCreateViewController.swift */; };
		B6449BE921EBDDDA0044ADB1 /* ImageFetcher.swift in Sources */ = {isa = PBXBuildFile; fileRef = B6449BE821EBDDDA0044ADB1 /* ImageFetcher.swift */; };
		B6449BEB21EBECA80044ADB1 /* ErrorCode.swift in Sources */ = {isa = PBXBuildFile; fileRef = B6449BEA21EBECA80044ADB1 /* ErrorCode.swift */; };
		B6449BED21EBF6E70044ADB1 /* SingleImageDisplayViewController.swift in Sources */ = {isa = PBXBuildFile; fileRef = B6449BEC21EBF6E70044ADB1 /* SingleImageDisplayViewController.swift */; };
		B6449BF121ED9F2E0044ADB1 /* ImageCollectionViewController.swift in Sources */ = {isa = PBXBuildFile; fileRef = B6449BF021ED9F2E0044ADB1 /* ImageCollectionViewController.swift */; };
		B659741921F04DD5005398CD /* ImageCell.swift in Sources */ = {isa = PBXBuildFile; fileRef = B659741821F04DD5005398CD /* ImageCell.swift */; };
		B659743C21F554F2005398CD /* name_id_map.txt in Resources */ = {isa = PBXBuildFile; fileRef = B659743B21F554F2005398CD /* name_id_map.txt */; };
		B659743E21F59FD0005398CD /* ImageData.swift in Sources */ = {isa = PBXBuildFile; fileRef = B659743D21F59FD0005398CD /* ImageData.swift */; };
		B6EE6BF42274C4B6002FA97F /* Text-to-ImageTests.swift in Sources */ = {isa = PBXBuildFile; fileRef = B6EE6BF32274C4B6002FA97F /* Text-to-ImageTests.swift */; };
		B6EE6BF52274C918002FA97F /* ImageFetcher.swift in Sources */ = {isa = PBXBuildFile; fileRef = B6449BE821EBDDDA0044ADB1 /* ImageFetcher.swift */; };
		B6EE6BF62274C91C002FA97F /* ErrorCode.swift in Sources */ = {isa = PBXBuildFile; fileRef = B6449BEA21EBECA80044ADB1 /* ErrorCode.swift */; };
		B6EE6BF72274C926002FA97F /* SpeechDetectionViewController.swift in Sources */ = {isa = PBXBuildFile; fileRef = 4B37883B1E69D72200EB2DB0 /* SpeechDetectionViewController.swift */; };
		B6EE6BF82274C926002FA97F /* SingleImageDisplayViewController.swift in Sources */ = {isa = PBXBuildFile; fileRef = B6449BEC21EBF6E70044ADB1 /* SingleImageDisplayViewController.swift */; };
		B6EE6BF92274C92A002FA97F /* ImageCollectionViewController.swift in Sources */ = {isa = PBXBuildFile; fileRef = B6449BF021ED9F2E0044ADB1 /* ImageCollectionViewController.swift */; };
		B6EE6BFA2274C92A002FA97F /* ImageCreateViewController.swift in Sources */ = {isa = PBXBuildFile; fileRef = B608B2C821F78FCE000F1D12 /* ImageCreateViewController.swift */; };
		B6EE6BFB2274C92A002FA97F /* ImageCell.swift in Sources */ = {isa = PBXBuildFile; fileRef = B659741821F04DD5005398CD /* ImageCell.swift */; };
		B6EE6BFC2274C92A002FA97F /* ImageData.swift in Sources */ = {isa = PBXBuildFile; fileRef = B659743D21F59FD0005398CD /* ImageData.swift */; };
		B6EE6BFD22751F40002FA97F /* Main.storyboard in Resources */ = {isa = PBXBuildFile; fileRef = 4BC618001E68CA5000519D15 /* Main.storyboard */; };
		B6EE6C00227551D9002FA97F /* Image-To-TextTests.swift in Sources */ = {isa = PBXBuildFile; fileRef = B6EE6BFF227551D9002FA97F /* Image-To-TextTests.swift */; };
/* End PBXBuildFile section */

/* Begin PBXContainerItemProxy section */
		B6EE6BEE2274C438002FA97F /* PBXContainerItemProxy */ = {
			isa = PBXContainerItemProxy;
			containerPortal = 4BC617F11E68CA5000519D15 /* Project object */;
			proxyType = 1;
			remoteGlobalIDString = 4BC617F81E68CA5000519D15;
			remoteInfo = "Text-to-Image-Synthesis";
		};
/* End PBXContainerItemProxy section */

/* Begin PBXFileReference section */
		4B37883B1E69D72200EB2DB0 /* SpeechDetectionViewController.swift */ = {isa = PBXFileReference; fileEncoding = 4; lastKnownFileType = sourcecode.swift; path = SpeechDetectionViewController.swift; sourceTree = "<group>"; };
		4BC617F91E68CA5000519D15 /* Text-to-Image-Synthesis.app */ = {isa = PBXFileReference; explicitFileType = wrapper.application; includeInIndex = 0; path = "Text-to-Image-Synthesis.app"; sourceTree = BUILT_PRODUCTS_DIR; };
		4BC617FC1E68CA5000519D15 /* AppDelegate.swift */ = {isa = PBXFileReference; lastKnownFileType = sourcecode.swift; path = AppDelegate.swift; sourceTree = "<group>"; };
		4BC618011E68CA5000519D15 /* Base */ = {isa = PBXFileReference; lastKnownFileType = file.storyboard; name = Base; path = Base.lproj/Main.storyboard; sourceTree = "<group>"; };
		4BC618031E68CA5000519D15 /* Assets.xcassets */ = {isa = PBXFileReference; lastKnownFileType = folder.assetcatalog; path = Assets.xcassets; sourceTree = "<group>"; };
		4BC618061E68CA5000519D15 /* Base */ = {isa = PBXFileReference; lastKnownFileType = file.storyboard; name = Base; path = Base.lproj/LaunchScreen.storyboard; sourceTree = "<group>"; };
		4BC618081E68CA5000519D15 /* Info.plist */ = {isa = PBXFileReference; lastKnownFileType = text.plist.xml; path = Info.plist; sourceTree = "<group>"; };
		B608B2C621F6A27D000F1D12 /* placeholder.png */ = {isa = PBXFileReference; lastKnownFileType = image.png; path = placeholder.png; sourceTree = "<group>"; };
		B608B2C821F78FCE000F1D12 /* ImageCreateViewController.swift */ = {isa = PBXFileReference; lastKnownFileType = sourcecode.swift; path = ImageCreateViewController.swift; sourceTree = "<group>"; };
		B6449BE821EBDDDA0044ADB1 /* ImageFetcher.swift */ = {isa = PBXFileReference; lastKnownFileType = sourcecode.swift; path = ImageFetcher.swift; sourceTree = "<group>"; };
		B6449BEA21EBECA80044ADB1 /* ErrorCode.swift */ = {isa = PBXFileReference; lastKnownFileType = sourcecode.swift; path = ErrorCode.swift; sourceTree = "<group>"; };
		B6449BEC21EBF6E70044ADB1 /* SingleImageDisplayViewController.swift */ = {isa = PBXFileReference; fileEncoding = 4; lastKnownFileType = sourcecode.swift; path = SingleImageDisplayViewController.swift; sourceTree = "<group>"; };
		B6449BF021ED9F2E0044ADB1 /* ImageCollectionViewController.swift */ = {isa = PBXFileReference; lastKnownFileType = sourcecode.swift; path = ImageCollectionViewController.swift; sourceTree = "<group>"; };
		B659741821F04DD5005398CD /* ImageCell.swift */ = {isa = PBXFileReference; lastKnownFileType = sourcecode.swift; path = ImageCell.swift; sourceTree = "<group>"; };
		B659743B21F554F2005398CD /* name_id_map.txt */ = {isa = PBXFileReference; fileEncoding = 4; lastKnownFileType = text; path = name_id_map.txt; sourceTree = "<group>"; };
		B659743D21F59FD0005398CD /* ImageData.swift */ = {isa = PBXFileReference; lastKnownFileType = sourcecode.swift; path = ImageData.swift; sourceTree = "<group>"; };
		B6EE6BE92274C438002FA97F /* Text-to-Image-SynthesisTests.xctest */ = {isa = PBXFileReference; explicitFileType = wrapper.cfbundle; includeInIndex = 0; path = "Text-to-Image-SynthesisTests.xctest"; sourceTree = BUILT_PRODUCTS_DIR; };
		B6EE6BED2274C438002FA97F /* Info.plist */ = {isa = PBXFileReference; lastKnownFileType = text.plist.xml; path = Info.plist; sourceTree = "<group>"; };
		B6EE6BF32274C4B6002FA97F /* Text-to-ImageTests.swift */ = {isa = PBXFileReference; lastKnownFileType = sourcecode.swift; path = "Text-to-ImageTests.swift"; sourceTree = "<group>"; };
		B6EE6BFF227551D9002FA97F /* Image-To-TextTests.swift */ = {isa = PBXFileReference; lastKnownFileType = sourcecode.swift; path = "Image-To-TextTests.swift"; sourceTree = "<group>"; };
/* End PBXFileReference section */

/* Begin PBXFrameworksBuildPhase section */
		4BC617F61E68CA5000519D15 /* Frameworks */ = {
			isa = PBXFrameworksBuildPhase;
			buildActionMask = 2147483647;
			files = (
			);
			runOnlyForDeploymentPostprocessing = 0;
		};
		B6EE6BE62274C438002FA97F /* Frameworks */ = {
			isa = PBXFrameworksBuildPhase;
			buildActionMask = 2147483647;
			files = (
			);
			runOnlyForDeploymentPostprocessing = 0;
		};
/* End PBXFrameworksBuildPhase section */

/* Begin PBXGroup section */
		4BC617F01E68CA5000519D15 = {
			isa = PBXGroup;
			children = (
				4BC617FB1E68CA5000519D15 /* Text-to-Image-Synthesis */,
				B6EE6BEA2274C438002FA97F /* Text-to-Image-SynthesisTests */,
				4BC617FA1E68CA5000519D15 /* Products */,
			);
			sourceTree = "<group>";
		};
		4BC617FA1E68CA5000519D15 /* Products */ = {
			isa = PBXGroup;
			children = (
				4BC617F91E68CA5000519D15 /* Text-to-Image-Synthesis.app */,
				B6EE6BE92274C438002FA97F /* Text-to-Image-SynthesisTests.xctest */,
			);
			name = Products;
			sourceTree = "<group>";
		};
		4BC617FB1E68CA5000519D15 /* Text-to-Image-Synthesis */ = {
			isa = PBXGroup;
			children = (
				B608B2CB21F78FFF000F1D12 /* Image-to-Text */,
				B608B2CA21F78FE0000F1D12 /* Text-to-Image */,
				4BC617FC1E68CA5000519D15 /* AppDelegate.swift */,
				B6449BE821EBDDDA0044ADB1 /* ImageFetcher.swift */,
				B6449BEA21EBECA80044ADB1 /* ErrorCode.swift */,
				4BC618031E68CA5000519D15 /* Assets.xcassets */,
				4BC618001E68CA5000519D15 /* Main.storyboard */,
				4BC618051E68CA5000519D15 /* LaunchScreen.storyboard */,
				4BC618081E68CA5000519D15 /* Info.plist */,
			);
			path = "Text-to-Image-Synthesis";
			sourceTree = "<group>";
		};
		B608B2CA21F78FE0000F1D12 /* Text-to-Image */ = {
			isa = PBXGroup;
			children = (
				4B37883B1E69D72200EB2DB0 /* SpeechDetectionViewController.swift */,
				B6449BEC21EBF6E70044ADB1 /* SingleImageDisplayViewController.swift */,
			);
			path = "Text-to-Image";
			sourceTree = "<group>";
		};
		B608B2CB21F78FFF000F1D12 /* Image-to-Text */ = {
			isa = PBXGroup;
			children = (
				B6449BF021ED9F2E0044ADB1 /* ImageCollectionViewController.swift */,
				B608B2C821F78FCE000F1D12 /* ImageCreateViewController.swift */,
				B659741821F04DD5005398CD /* ImageCell.swift */,
				B659743D21F59FD0005398CD /* ImageData.swift */,
				B659743B21F554F2005398CD /* name_id_map.txt */,
				B608B2C621F6A27D000F1D12 /* placeholder.png */,
			);
			path = "Image-to-Text";
			sourceTree = "<group>";
		};
		B6EE6BEA2274C438002FA97F /* Text-to-Image-SynthesisTests */ = {
			isa = PBXGroup;
			children = (
				B6EE6BF32274C4B6002FA97F /* Text-to-ImageTests.swift */,
				B6EE6BFF227551D9002FA97F /* Image-To-TextTests.swift */,
				B6EE6BED2274C438002FA97F /* Info.plist */,
			);
			path = "Text-to-Image-SynthesisTests";
			sourceTree = "<group>";
		};
/* End PBXGroup section */

/* Begin PBXNativeTarget section */
		4BC617F81E68CA5000519D15 /* Text-to-Image-Synthesis */ = {
			isa = PBXNativeTarget;
			buildConfigurationList = 4BC6180B1E68CA5000519D15 /* Build configuration list for PBXNativeTarget "Text-to-Image-Synthesis" */;
			buildPhases = (
				4BC617F51E68CA5000519D15 /* Sources */,
				4BC617F61E68CA5000519D15 /* Frameworks */,
				4BC617F71E68CA5000519D15 /* Resources */,
			);
			buildRules = (
			);
			dependencies = (
			);
			name = "Text-to-Image-Synthesis";
			productName = "Speech-Recognition-Demo";
			productReference = 4BC617F91E68CA5000519D15 /* Text-to-Image-Synthesis.app */;
			productType = "com.apple.product-type.application";
		};
		B6EE6BE82274C438002FA97F /* Text-to-Image-SynthesisTests */ = {
			isa = PBXNativeTarget;
			buildConfigurationList = B6EE6BF22274C438002FA97F /* Build configuration list for PBXNativeTarget "Text-to-Image-SynthesisTests" */;
			buildPhases = (
				B6EE6BE52274C438002FA97F /* Sources */,
				B6EE6BE62274C438002FA97F /* Frameworks */,
				B6EE6BE72274C438002FA97F /* Resources */,
			);
			buildRules = (
			);
			dependencies = (
				B6EE6BEF2274C438002FA97F /* PBXTargetDependency */,
			);
			name = "Text-to-Image-SynthesisTests";
			productName = "Text-to-Image-SynthesisTests";
			productReference = B6EE6BE92274C438002FA97F /* Text-to-Image-SynthesisTests.xctest */;
			productType = "com.apple.product-type.bundle.unit-test";
		};
/* End PBXNativeTarget section */

/* Begin PBXProject section */
		4BC617F11E68CA5000519D15 /* Project object */ = {
			isa = PBXProject;
			attributes = {
				DefaultBuildSystemTypeForWorkspace = Original;
				LastSwiftUpdateCheck = 1010;
				LastUpgradeCheck = 1010;
				ORGANIZATIONNAME = "Jennifer A Sipila";
				TargetAttributes = {
					4BC617F81E68CA5000519D15 = {
						CreatedOnToolsVersion = 8.2.1;
						DevelopmentTeam = XT8KJQ6H3A;
						ProvisioningStyle = Automatic;
					};
					B6EE6BE82274C438002FA97F = {
						CreatedOnToolsVersion = 10.1;
						ProvisioningStyle = Automatic;
						TestTargetID = 4BC617F81E68CA5000519D15;
					};
				};
			};
			buildConfigurationList = 4BC617F41E68CA5000519D15 /* Build configuration list for PBXProject "Text-to-Image-Synthesis" */;
			compatibilityVersion = "Xcode 3.2";
			developmentRegion = English;
			hasScannedForEncodings = 0;
			knownRegions = (
				en,
				Base,
			);
			mainGroup = 4BC617F01E68CA5000519D15;
			productRefGroup = 4BC617FA1E68CA5000519D15 /* Products */;
			projectDirPath = "";
			projectRoot = "";
			targets = (
				4BC617F81E68CA5000519D15 /* Text-to-Image-Synthesis */,
				B6EE6BE82274C438002FA97F /* Text-to-Image-SynthesisTests */,
			);
		};
/* End PBXProject section */

/* Begin PBXResourcesBuildPhase section */
		4BC617F71E68CA5000519D15 /* Resources */ = {
			isa = PBXResourcesBuildPhase;
			buildActionMask = 2147483647;
			files = (
				4BC618071E68CA5000519D15 /* LaunchScreen.storyboard in Resources */,
				B659743C21F554F2005398CD /* name_id_map.txt in Resources */,
				4BC618041E68CA5000519D15 /* Assets.xcassets in Resources */,
				B608B2C721F6A27D000F1D12 /* placeholder.png in Resources */,
				4BC618021E68CA5000519D15 /* Main.storyboard in Resources */,
			);
			runOnlyForDeploymentPostprocessing = 0;
		};
		B6EE6BE72274C438002FA97F /* Resources */ = {
			isa = PBXResourcesBuildPhase;
			buildActionMask = 2147483647;
			files = (
				B6EE6BFD22751F40002FA97F /* Main.storyboard in Resources */,
			);
			runOnlyForDeploymentPostprocessing = 0;
		};
/* End PBXResourcesBuildPhase section */

/* Begin PBXSourcesBuildPhase section */
		4BC617F51E68CA5000519D15 /* Sources */ = {
			isa = PBXSourcesBuildPhase;
			buildActionMask = 2147483647;
			files = (
				B6449BF121ED9F2E0044ADB1 /* ImageCollectionViewController.swift in Sources */,
				B6449BED21EBF6E70044ADB1 /* SingleImageDisplayViewController.swift in Sources */,
				B6449BEB21EBECA80044ADB1 /* ErrorCode.swift in Sources */,
				B608B2C921F78FCE000F1D12 /* ImageCreateViewController.swift in Sources */,
				B6449BE921EBDDDA0044ADB1 /* ImageFetcher.swift in Sources */,
				4B37883C1E69D72200EB2DB0 /* SpeechDetectionViewController.swift in Sources */,
				B659741921F04DD5005398CD /* ImageCell.swift in Sources */,
				4BC617FD1E68CA5000519D15 /* AppDelegate.swift in Sources */,
				B659743E21F59FD0005398CD /* ImageData.swift in Sources */,
			);
			runOnlyForDeploymentPostprocessing = 0;
		};
		B6EE6BE52274C438002FA97F /* Sources */ = {
			isa = PBXSourcesBuildPhase;
			buildActionMask = 2147483647;
			files = (
				B6EE6BFA2274C92A002FA97F /* ImageCreateViewController.swift in Sources */,
				B6EE6BF92274C92A002FA97F /* ImageCollectionViewController.swift in Sources */,
				B6EE6BFB2274C92A002FA97F /* ImageCell.swift in Sources */,
				B6EE6BFC2274C92A002FA97F /* ImageData.swift in Sources */,
				B6EE6BF72274C926002FA97F /* SpeechDetectionViewController.swift in Sources */,
				B6EE6BF52274C918002FA97F /* ImageFetcher.swift in Sources */,
				B6EE6BF82274C926002FA97F /* SingleImageDisplayViewController.swift in Sources */,
				B6EE6C00227551D9002FA97F /* Image-To-TextTests.swift in Sources */,
				B6EE6BF42274C4B6002FA97F /* Text-to-ImageTests.swift in Sources */,
				B6EE6BF62274C91C002FA97F /* ErrorCode.swift in Sources */,
			);
			runOnlyForDeploymentPostprocessing = 0;
		};
/* End PBXSourcesBuildPhase section */

/* Begin PBXTargetDependency section */
		B6EE6BEF2274C438002FA97F /* PBXTargetDependency */ = {
			isa = PBXTargetDependency;
			target = 4BC617F81E68CA5000519D15 /* Text-to-Image-Synthesis */;
			targetProxy = B6EE6BEE2274C438002FA97F /* PBXContainerItemProxy */;
		};
/* End PBXTargetDependency section */

/* Begin PBXVariantGroup section */
		4BC618001E68CA5000519D15 /* Main.storyboard */ = {
			isa = PBXVariantGroup;
			children = (
				4BC618011E68CA5000519D15 /* Base */,
			);
			name = Main.storyboard;
			sourceTree = "<group>";
		};
		4BC618051E68CA5000519D15 /* LaunchScreen.storyboard */ = {
			isa = PBXVariantGroup;
			children = (
				4BC618061E68CA5000519D15 /* Base */,
			);
			name = LaunchScreen.storyboard;
			sourceTree = "<group>";
		};
/* End PBXVariantGroup section */

/* Begin XCBuildConfiguration section */
		4BC618091E68CA5000519D15 /* Debug */ = {
			isa = XCBuildConfiguration;
			buildSettings = {
				ALWAYS_SEARCH_USER_PATHS = NO;
				CLANG_ANALYZER_NONNULL = YES;
				CLANG_CXX_LANGUAGE_STANDARD = "gnu++0x";
				CLANG_CXX_LIBRARY = "libc++";
				CLANG_ENABLE_MODULES = YES;
				CLANG_ENABLE_OBJC_ARC = YES;
				CLANG_WARN_BLOCK_CAPTURE_AUTORELEASING = YES;
				CLANG_WARN_BOOL_CONVERSION = YES;
				CLANG_WARN_COMMA = YES;
				CLANG_WARN_CONSTANT_CONVERSION = YES;
				CLANG_WARN_DEPRECATED_OBJC_IMPLEMENTATIONS = YES;
				CLANG_WARN_DIRECT_OBJC_ISA_USAGE = YES_ERROR;
				CLANG_WARN_DOCUMENTATION_COMMENTS = YES;
				CLANG_WARN_EMPTY_BODY = YES;
				CLANG_WARN_ENUM_CONVERSION = YES;
				CLANG_WARN_INFINITE_RECURSION = YES;
				CLANG_WARN_INT_CONVERSION = YES;
				CLANG_WARN_NON_LITERAL_NULL_CONVERSION = YES;
				CLANG_WARN_OBJC_IMPLICIT_RETAIN_SELF = YES;
				CLANG_WARN_OBJC_LITERAL_CONVERSION = YES;
				CLANG_WARN_OBJC_ROOT_CLASS = YES_ERROR;
				CLANG_WARN_RANGE_LOOP_ANALYSIS = YES;
				CLANG_WARN_STRICT_PROTOTYPES = YES;
				CLANG_WARN_SUSPICIOUS_MOVE = YES;
				CLANG_WARN_UNREACHABLE_CODE = YES;
				CLANG_WARN__DUPLICATE_METHOD_MATCH = YES;
				"CODE_SIGN_IDENTITY[sdk=iphoneos*]" = "iPhone Developer";
				COPY_PHASE_STRIP = NO;
				DEBUG_INFORMATION_FORMAT = dwarf;
				ENABLE_STRICT_OBJC_MSGSEND = YES;
				ENABLE_TESTABILITY = YES;
				GCC_C_LANGUAGE_STANDARD = gnu99;
				GCC_DYNAMIC_NO_PIC = NO;
				GCC_NO_COMMON_BLOCKS = YES;
				GCC_OPTIMIZATION_LEVEL = 0;
				GCC_PREPROCESSOR_DEFINITIONS = (
					"DEBUG=1",
					"$(inherited)",
				);
				GCC_WARN_64_TO_32_BIT_CONVERSION = YES;
				GCC_WARN_ABOUT_RETURN_TYPE = YES_ERROR;
				GCC_WARN_UNDECLARED_SELECTOR = YES;
				GCC_WARN_UNINITIALIZED_AUTOS = YES_AGGRESSIVE;
				GCC_WARN_UNUSED_FUNCTION = YES;
				GCC_WARN_UNUSED_VARIABLE = YES;
				IPHONEOS_DEPLOYMENT_TARGET = 10.2;
				MTL_ENABLE_DEBUG_INFO = YES;
				ONLY_ACTIVE_ARCH = YES;
				SDKROOT = iphoneos;
				SWIFT_ACTIVE_COMPILATION_CONDITIONS = DEBUG;
				SWIFT_OPTIMIZATION_LEVEL = "-Onone";
			};
			name = Debug;
		};
		4BC6180A1E68CA5000519D15 /* Release */ = {
			isa = XCBuildConfiguration;
			buildSettings = {
				ALWAYS_SEARCH_USER_PATHS = NO;
				CLANG_ANALYZER_NONNULL = YES;
				CLANG_CXX_LANGUAGE_STANDARD = "gnu++0x";
				CLANG_CXX_LIBRARY = "libc++";
				CLANG_ENABLE_MODULES = YES;
				CLANG_ENABLE_OBJC_ARC = YES;
				CLANG_WARN_BLOCK_CAPTURE_AUTORELEASING = YES;
				CLANG_WARN_BOOL_CONVERSION = YES;
				CLANG_WARN_COMMA = YES;
				CLANG_WARN_CONSTANT_CONVERSION = YES;
				CLANG_WARN_DEPRECATED_OBJC_IMPLEMENTATIONS = YES;
				CLANG_WARN_DIRECT_OBJC_ISA_USAGE = YES_ERROR;
				CLANG_WARN_DOCUMENTATION_COMMENTS = YES;
				CLANG_WARN_EMPTY_BODY = YES;
				CLANG_WARN_ENUM_CONVERSION = YES;
				CLANG_WARN_INFINITE_RECURSION = YES;
				CLANG_WARN_INT_CONVERSION = YES;
				CLANG_WARN_NON_LITERAL_NULL_CONVERSION = YES;
				CLANG_WARN_OBJC_IMPLICIT_RETAIN_SELF = YES;
				CLANG_WARN_OBJC_LITERAL_CONVERSION = YES;
				CLANG_WARN_OBJC_ROOT_CLASS = YES_ERROR;
				CLANG_WARN_RANGE_LOOP_ANALYSIS = YES;
				CLANG_WARN_STRICT_PROTOTYPES = YES;
				CLANG_WARN_SUSPICIOUS_MOVE = YES;
				CLANG_WARN_UNREACHABLE_CODE = YES;
				CLANG_WARN__DUPLICATE_METHOD_MATCH = YES;
				"CODE_SIGN_IDENTITY[sdk=iphoneos*]" = "iPhone Developer";
				COPY_PHASE_STRIP = NO;
				DEBUG_INFORMATION_FORMAT = "dwarf-with-dsym";
				ENABLE_NS_ASSERTIONS = NO;
				ENABLE_STRICT_OBJC_MSGSEND = YES;
				GCC_C_LANGUAGE_STANDARD = gnu99;
				GCC_NO_COMMON_BLOCKS = YES;
				GCC_WARN_64_TO_32_BIT_CONVERSION = YES;
				GCC_WARN_ABOUT_RETURN_TYPE = YES_ERROR;
				GCC_WARN_UNDECLARED_SELECTOR = YES;
				GCC_WARN_UNINITIALIZED_AUTOS = YES_AGGRESSIVE;
				GCC_WARN_UNUSED_FUNCTION = YES;
				GCC_WARN_UNUSED_VARIABLE = YES;
				IPHONEOS_DEPLOYMENT_TARGET = 10.2;
				MTL_ENABLE_DEBUG_INFO = NO;
				SDKROOT = iphoneos;
				SWIFT_OPTIMIZATION_LEVEL = "-Owholemodule";
				VALIDATE_PRODUCT = YES;
			};
			name = Release;
		};
		4BC6180C1E68CA5000519D15 /* Debug */ = {
			isa = XCBuildConfiguration;
			buildSettings = {
				ASSETCATALOG_COMPILER_APPICON_NAME = AppIcon;
				DEVELOPMENT_TEAM = XT8KJQ6H3A;
				GCC_OPTIMIZATION_LEVEL = 0;
				INFOPLIST_FILE = "Text-to-Image-Synthesis/Info.plist";
				IPHONEOS_DEPLOYMENT_TARGET = 10.2;
				LD_RUNPATH_SEARCH_PATHS = "$(inherited) @executable_path/Frameworks";
				PRODUCT_BUNDLE_IDENTIFIER = "com.RyanKang.capstone.Text-to-Image-Synthesis";
				PRODUCT_NAME = "$(TARGET_NAME)";
				SWIFT_VERSION = 4.2;
			};
			name = Debug;
		};
		4BC6180D1E68CA5000519D15 /* Release */ = {
			isa = XCBuildConfiguration;
			buildSettings = {
				ASSETCATALOG_COMPILER_APPICON_NAME = AppIcon;
				DEVELOPMENT_TEAM = XT8KJQ6H3A;
				GCC_OPTIMIZATION_LEVEL = s;
				INFOPLIST_FILE = "Text-to-Image-Synthesis/Info.plist";
				IPHONEOS_DEPLOYMENT_TARGET = 10.2;
				LD_RUNPATH_SEARCH_PATHS = "$(inherited) @executable_path/Frameworks";
				PRODUCT_BUNDLE_IDENTIFIER = "com.RyanKang.capstone.Text-to-Image-Synthesis";
				PRODUCT_NAME = "$(TARGET_NAME)";
				SWIFT_VERSION = 4.2;
			};
			name = Release;
		};
		B6EE6BF02274C438002FA97F /* Debug */ = {
			isa = XCBuildConfiguration;
			buildSettings = {
				BUNDLE_LOADER = "$(TEST_HOST)";
				CLANG_ANALYZER_NUMBER_OBJECT_CONVERSION = YES_AGGRESSIVE;
				CLANG_CXX_LANGUAGE_STANDARD = "gnu++14";
				CLANG_ENABLE_OBJC_WEAK = YES;
				CLANG_WARN_BLOCK_CAPTURE_AUTORELEASING = YES;
				CLANG_WARN_COMMA = YES;
				CLANG_WARN_DEPRECATED_OBJC_IMPLEMENTATIONS = YES;
				CLANG_WARN_NON_LITERAL_NULL_CONVERSION = YES;
				CLANG_WARN_OBJC_IMPLICIT_RETAIN_SELF = YES;
				CLANG_WARN_OBJC_LITERAL_CONVERSION = YES;
				CLANG_WARN_RANGE_LOOP_ANALYSIS = YES;
				CLANG_WARN_STRICT_PROTOTYPES = YES;
				CLANG_WARN_UNGUARDED_AVAILABILITY = YES_AGGRESSIVE;
				CODE_SIGN_IDENTITY = "iPhone Developer";
				CODE_SIGN_STYLE = Automatic;
				GCC_C_LANGUAGE_STANDARD = gnu11;
				INFOPLIST_FILE = "Text-to-Image-SynthesisTests/Info.plist";
				IPHONEOS_DEPLOYMENT_TARGET = 12.1;
				LD_RUNPATH_SEARCH_PATHS = "$(inherited) @executable_path/Frameworks @loader_path/Frameworks";
				MTL_ENABLE_DEBUG_INFO = INCLUDE_SOURCE;
				MTL_FAST_MATH = YES;
				PRODUCT_BUNDLE_IDENTIFIER = "com.RyanKang.capstone.Text-to-Image-SynthesisTests";
				PRODUCT_NAME = "$(TARGET_NAME)";
				SWIFT_VERSION = 4.2;
				TARGETED_DEVICE_FAMILY = "1,2";
				TEST_HOST = "$(BUILT_PRODUCTS_DIR)/Text-to-Image-Synthesis.app/Text-to-Image-Synthesis";
			};
			name = Debug;
		};
		B6EE6BF12274C438002FA97F /* Release */ = {
			isa = XCBuildConfiguration;
			buildSettings = {
				BUNDLE_LOADER = "$(TEST_HOST)";
				CLANG_ANALYZER_NUMBER_OBJECT_CONVERSION = YES_AGGRESSIVE;
				CLANG_CXX_LANGUAGE_STANDARD = "gnu++14";
				CLANG_ENABLE_OBJC_WEAK = YES;
				CLANG_WARN_BLOCK_CAPTURE_AUTORELEASING = YES;
				CLANG_WARN_COMMA = YES;
				CLANG_WARN_DEPRECATED_OBJC_IMPLEMENTATIONS = YES;
				CLANG_WARN_NON_LITERAL_NULL_CONVERSION = YES;
				CLANG_WARN_OBJC_IMPLICIT_RETAIN_SELF = YES;
				CLANG_WARN_OBJC_LITERAL_CONVERSION = YES;
				CLANG_WARN_RANGE_LOOP_ANALYSIS = YES;
				CLANG_WARN_STRICT_PROTOTYPES = YES;
				CLANG_WARN_UNGUARDED_AVAILABILITY = YES_AGGRESSIVE;
				CODE_SIGN_IDENTITY = "iPhone Developer";
				CODE_SIGN_STYLE = Automatic;
				GCC_C_LANGUAGE_STANDARD = gnu11;
				INFOPLIST_FILE = "Text-to-Image-SynthesisTests/Info.plist";
				IPHONEOS_DEPLOYMENT_TARGET = 12.1;
				LD_RUNPATH_SEARCH_PATHS = "$(inherited) @executable_path/Frameworks @loader_path/Frameworks";
				MTL_FAST_MATH = YES;
				PRODUCT_BUNDLE_IDENTIFIER = "com.RyanKang.capstone.Text-to-Image-SynthesisTests";
				PRODUCT_NAME = "$(TARGET_NAME)";
				SWIFT_VERSION = 4.2;
				TARGETED_DEVICE_FAMILY = "1,2";
				TEST_HOST = "$(BUILT_PRODUCTS_DIR)/Text-to-Image-Synthesis.app/Text-to-Image-Synthesis";
			};
			name = Release;
		};
/* End XCBuildConfiguration section */

/* Begin XCConfigurationList section */
		4BC617F41E68CA5000519D15 /* Build configuration list for PBXProject "Text-to-Image-Synthesis" */ = {
			isa = XCConfigurationList;
			buildConfigurations = (
				4BC618091E68CA5000519D15 /* Debug */,
				4BC6180A1E68CA5000519D15 /* Release */,
			);
			defaultConfigurationIsVisible = 0;
			defaultConfigurationName = Release;
		};
		4BC6180B1E68CA5000519D15 /* Build configuration list for PBXNativeTarget "Text-to-Image-Synthesis" */ = {
			isa = XCConfigurationList;
			buildConfigurations = (
				4BC6180C1E68CA5000519D15 /* Debug */,
				4BC6180D1E68CA5000519D15 /* Release */,
			);
			defaultConfigurationIsVisible = 0;
			defaultConfigurationName = Release;
		};
		B6EE6BF22274C438002FA97F /* Build configuration list for PBXNativeTarget "Text-to-Image-SynthesisTests" */ = {
			isa = XCConfigurationList;
			buildConfigurations = (
				B6EE6BF02274C438002FA97F /* Debug */,
				B6EE6BF12274C438002FA97F /* Release */,
			);
			defaultConfigurationIsVisible = 0;
			defaultConfigurationName = Release;
		};
/* End XCConfigurationList section */
	};
	rootObject = 4BC617F11E68CA5000519D15 /* Project object */;
}
